# This file is automatically @generated by Cargo.
# It is not intended for manual editing.
version = 4

[[package]]
name = "kellnr"
version = "5.11.0"
dependencies = [
 "kellnr-appstate",
 "kellnr-auth",
]

[[package]]
name = "kellnr-appstate"
version = "5.11.0"

[[package]]
name = "kellnr-auth"
version = "5.11.0"
