# This file is automatically @generated by Cargo.
# It is not intended for manual editing.
version = 4

[[package]]
name = "kellnr"
version = "1.1.0"
dependencies = [
 "kellnr-appstate",
 "kellnr-auth",
]

[[package]]
name = "kellnr-appstate"
version = "1.1.0"

[[package]]
name = "kellnr-auth"
version = "1.1.0"
